// !$*UTF8*$!
{
	archiveVersion = 1;
	classes = {
	};
	objectVersion = 46;
	objects = {

/* Begin PBXBuildFile section */
		B9051C7C1AE6B06C000FF5BE /* SocketAckMap.swift in Sources */ = {isa = PBXBuildFile; fileRef = B9051C701AE6B06C000FF5BE /* SocketAckMap.swift */; };
		B9051C7D1AE6B06C000FF5BE /* SocketAnyEvent.swift in Sources */ = {isa = PBXBuildFile; fileRef = B9051C711AE6B06C000FF5BE /* SocketAnyEvent.swift */; };
		B9051C7E1AE6B06C000FF5BE /* SocketEngine.swift in Sources */ = {isa = PBXBuildFile; fileRef = B9051C721AE6B06C000FF5BE /* SocketEngine.swift */; };
		B9051C7F1AE6B06C000FF5BE /* SocketEngineClient.swift in Sources */ = {isa = PBXBuildFile; fileRef = B9051C731AE6B06C000FF5BE /* SocketEngineClient.swift */; };
		B9051C801AE6B06C000FF5BE /* SocketEventHandler.swift in Sources */ = {isa = PBXBuildFile; fileRef = B9051C741AE6B06C000FF5BE /* SocketEventHandler.swift */; };
		B9051C811AE6B06C000FF5BE /* SocketFixUTF8.swift in Sources */ = {isa = PBXBuildFile; fileRef = B9051C751AE6B06C000FF5BE /* SocketFixUTF8.swift */; };
		B9051C821AE6B06C000FF5BE /* SocketIOClient.swift in Sources */ = {isa = PBXBuildFile; fileRef = B9051C761AE6B06C000FF5BE /* SocketIOClient.swift */; };
		B9051C831AE6B06C000FF5BE /* SocketPacket.swift in Sources */ = {isa = PBXBuildFile; fileRef = B9051C771AE6B06C000FF5BE /* SocketPacket.swift */; };
		B9051C841AE6B06C000FF5BE /* SocketParser.swift in Sources */ = {isa = PBXBuildFile; fileRef = B9051C781AE6B06C000FF5BE /* SocketParser.swift */; };
		B9051C851AE6B06C000FF5BE /* SocketTypes.swift in Sources */ = {isa = PBXBuildFile; fileRef = B9051C791AE6B06C000FF5BE /* SocketTypes.swift */; };
		B9051C861AE6B06C000FF5BE /* SwiftRegex.swift in Sources */ = {isa = PBXBuildFile; fileRef = B9051C7A1AE6B06C000FF5BE /* SwiftRegex.swift */; };
		B9051C871AE6B06C000FF5BE /* WebSocket.swift in Sources */ = {isa = PBXBuildFile; fileRef = B9051C7B1AE6B06C000FF5BE /* WebSocket.swift */; };
		B94DBD791AE48FBD00527C63 /* GlobalVariables.swift in Sources */ = {isa = PBXBuildFile; fileRef = B94DBD781AE48FBD00527C63 /* GlobalVariables.swift */; };
		B9E30F671AE4D57C008FF89D /* HomeCustomSegue.swift in Sources */ = {isa = PBXBuildFile; fileRef = B9E30F661AE4D57C008FF89D /* HomeCustomSegue.swift */; };
		B9E30F691AE4E3DE008FF89D /* SwiftyJSON.swift in Sources */ = {isa = PBXBuildFile; fileRef = B9E30F681AE4E3DE008FF89D /* SwiftyJSON.swift */; };
		B9E30F6B1AE56DF8008FF89D /* LoginVC.swift in Sources */ = {isa = PBXBuildFile; fileRef = B9E30F6A1AE56DF8008FF89D /* LoginVC.swift */; };
		B9E30F6D1AE56F39008FF89D /* SignupVC.swift in Sources */ = {isa = PBXBuildFile; fileRef = B9E30F6C1AE56F39008FF89D /* SignupVC.swift */; };
		B9E30F6F1AE56F77008FF89D /* Main.storyboard in Resources */ = {isa = PBXBuildFile; fileRef = B9E30F6E1AE56F77008FF89D /* Main.storyboard */; };
		B9E30F711AE56FCC008FF89D /* HomeVC.swift in Sources */ = {isa = PBXBuildFile; fileRef = B9E30F701AE56FCC008FF89D /* HomeVC.swift */; };
		B9ED837E1AE09C2500B60227 /* AppDelegate.swift in Sources */ = {isa = PBXBuildFile; fileRef = B9ED837D1AE09C2500B60227 /* AppDelegate.swift */; };
		B9ED83851AE09C2500B60227 /* Images.xcassets in Resources */ = {isa = PBXBuildFile; fileRef = B9ED83841AE09C2500B60227 /* Images.xcassets */; };
		B9ED83881AE09C2500B60227 /* LaunchScreen.xib in Resources */ = {isa = PBXBuildFile; fileRef = B9ED83861AE09C2500B60227 /* LaunchScreen.xib */; };
		B9ED83941AE09C2500B60227 /* ChatTests.swift in Sources */ = {isa = PBXBuildFile; fileRef = B9ED83931AE09C2500B60227 /* ChatTests.swift */; };
/* End PBXBuildFile section */

/* Begin PBXContainerItemProxy section */
		B9ED838E1AE09C2500B60227 /* PBXContainerItemProxy */ = {
			isa = PBXContainerItemProxy;
			containerPortal = B9ED83701AE09C2400B60227 /* Project object */;
			proxyType = 1;
			remoteGlobalIDString = B9ED83771AE09C2400B60227;
			remoteInfo = Chat;
		};
/* End PBXContainerItemProxy section */

/* Begin PBXFileReference section */
		B9051C701AE6B06C000FF5BE /* SocketAckMap.swift */ = {isa = PBXFileReference; fileEncoding = 4; lastKnownFileType = sourcecode.swift; path = SocketAckMap.swift; sourceTree = "<group>"; };
		B9051C711AE6B06C000FF5BE /* SocketAnyEvent.swift */ = {isa = PBXFileReference; fileEncoding = 4; lastKnownFileType = sourcecode.swift; path = SocketAnyEvent.swift; sourceTree = "<group>"; };
		B9051C721AE6B06C000FF5BE /* SocketEngine.swift */ = {isa = PBXFileReference; fileEncoding = 4; lastKnownFileType = sourcecode.swift; path = SocketEngine.swift; sourceTree = "<group>"; };
		B9051C731AE6B06C000FF5BE /* SocketEngineClient.swift */ = {isa = PBXFileReference; fileEncoding = 4; lastKnownFileType = sourcecode.swift; path = SocketEngineClient.swift; sourceTree = "<group>"; };
		B9051C741AE6B06C000FF5BE /* SocketEventHandler.swift */ = {isa = PBXFileReference; fileEncoding = 4; lastKnownFileType = sourcecode.swift; path = SocketEventHandler.swift; sourceTree = "<group>"; };
		B9051C751AE6B06C000FF5BE /* SocketFixUTF8.swift */ = {isa = PBXFileReference; fileEncoding = 4; lastKnownFileType = sourcecode.swift; path = SocketFixUTF8.swift; sourceTree = "<group>"; };
		B9051C761AE6B06C000FF5BE /* SocketIOClient.swift */ = {isa = PBXFileReference; fileEncoding = 4; lastKnownFileType = sourcecode.swift; path = SocketIOClient.swift; sourceTree = "<group>"; };
		B9051C771AE6B06C000FF5BE /* SocketPacket.swift */ = {isa = PBXFileReference; fileEncoding = 4; lastKnownFileType = sourcecode.swift; path = SocketPacket.swift; sourceTree = "<group>"; };
		B9051C781AE6B06C000FF5BE /* SocketParser.swift */ = {isa = PBXFileReference; fileEncoding = 4; lastKnownFileType = sourcecode.swift; path = SocketParser.swift; sourceTree = "<group>"; };
		B9051C791AE6B06C000FF5BE /* SocketTypes.swift */ = {isa = PBXFileReference; fileEncoding = 4; lastKnownFileType = sourcecode.swift; path = SocketTypes.swift; sourceTree = "<group>"; };
		B9051C7A1AE6B06C000FF5BE /* SwiftRegex.swift */ = {isa = PBXFileReference; fileEncoding = 4; lastKnownFileType = sourcecode.swift; path = SwiftRegex.swift; sourceTree = "<group>"; };
		B9051C7B1AE6B06C000FF5BE /* WebSocket.swift */ = {isa = PBXFileReference; fileEncoding = 4; lastKnownFileType = sourcecode.swift; path = WebSocket.swift; sourceTree = "<group>"; };
		B94DBD781AE48FBD00527C63 /* GlobalVariables.swift */ = {isa = PBXFileReference; fileEncoding = 4; lastKnownFileType = sourcecode.swift; path = GlobalVariables.swift; sourceTree = "<group>"; };
		B9E30F661AE4D57C008FF89D /* HomeCustomSegue.swift */ = {isa = PBXFileReference; fileEncoding = 4; lastKnownFileType = sourcecode.swift; path = HomeCustomSegue.swift; sourceTree = "<group>"; };
		B9E30F681AE4E3DE008FF89D /* SwiftyJSON.swift */ = {isa = PBXFileReference; fileEncoding = 4; lastKnownFileType = sourcecode.swift; path = SwiftyJSON.swift; sourceTree = "<group>"; };
		B9E30F6A1AE56DF8008FF89D /* LoginVC.swift */ = {isa = PBXFileReference; fileEncoding = 4; lastKnownFileType = sourcecode.swift; path = LoginVC.swift; sourceTree = "<group>"; };
		B9E30F6C1AE56F39008FF89D /* SignupVC.swift */ = {isa = PBXFileReference; fileEncoding = 4; lastKnownFileType = sourcecode.swift; path = SignupVC.swift; sourceTree = "<group>"; };
		B9E30F6E1AE56F77008FF89D /* Main.storyboard */ = {isa = PBXFileReference; fileEncoding = 4; lastKnownFileType = file.storyboard; path = Main.storyboard; sourceTree = "<group>"; };
		B9E30F701AE56FCC008FF89D /* HomeVC.swift */ = {isa = PBXFileReference; fileEncoding = 4; lastKnownFileType = sourcecode.swift; path = HomeVC.swift; sourceTree = "<group>"; };
		B9ED83781AE09C2400B60227 /* Chat.app */ = {isa = PBXFileReference; explicitFileType = wrapper.application; includeInIndex = 0; path = Chat.app; sourceTree = BUILT_PRODUCTS_DIR; };
		B9ED837C1AE09C2400B60227 /* Info.plist */ = {isa = PBXFileReference; lastKnownFileType = text.plist.xml; path = Info.plist; sourceTree = "<group>"; };
		B9ED837D1AE09C2500B60227 /* AppDelegate.swift */ = {isa = PBXFileReference; lastKnownFileType = sourcecode.swift; path = AppDelegate.swift; sourceTree = "<group>"; };
		B9ED83841AE09C2500B60227 /* Images.xcassets */ = {isa = PBXFileReference; lastKnownFileType = folder.assetcatalog; path = Images.xcassets; sourceTree = "<group>"; };
		B9ED83871AE09C2500B60227 /* Base */ = {isa = PBXFileReference; lastKnownFileType = file.xib; name = Base; path = Base.lproj/LaunchScreen.xib; sourceTree = "<group>"; };
		B9ED838D1AE09C2500B60227 /* ChatTests.xctest */ = {isa = PBXFileReference; explicitFileType = wrapper.cfbundle; includeInIndex = 0; path = ChatTests.xctest; sourceTree = BUILT_PRODUCTS_DIR; };
		B9ED83921AE09C2500B60227 /* Info.plist */ = {isa = PBXFileReference; lastKnownFileType = text.plist.xml; path = Info.plist; sourceTree = "<group>"; };
		B9ED83931AE09C2500B60227 /* ChatTests.swift */ = {isa = PBXFileReference; lastKnownFileType = sourcecode.swift; path = ChatTests.swift; sourceTree = "<group>"; };
/* End PBXFileReference section */

/* Begin PBXFrameworksBuildPhase section */
		B9ED83751AE09C2400B60227 /* Frameworks */ = {
			isa = PBXFrameworksBuildPhase;
			buildActionMask = 2147483647;
			files = (
			);
			runOnlyForDeploymentPostprocessing = 0;
		};
		B9ED838A1AE09C2500B60227 /* Frameworks */ = {
			isa = PBXFrameworksBuildPhase;
			buildActionMask = 2147483647;
			files = (
			);
			runOnlyForDeploymentPostprocessing = 0;
		};
/* End PBXFrameworksBuildPhase section */

/* Begin PBXGroup section */
		B9051C6F1AE6B06C000FF5BE /* SocketIOClientSwift */ = {
			isa = PBXGroup;
			children = (
				B9051C701AE6B06C000FF5BE /* SocketAckMap.swift */,
				B9051C711AE6B06C000FF5BE /* SocketAnyEvent.swift */,
				B9051C721AE6B06C000FF5BE /* SocketEngine.swift */,
				B9051C731AE6B06C000FF5BE /* SocketEngineClient.swift */,
				B9051C741AE6B06C000FF5BE /* SocketEventHandler.swift */,
				B9051C751AE6B06C000FF5BE /* SocketFixUTF8.swift */,
				B9051C761AE6B06C000FF5BE /* SocketIOClient.swift */,
				B9051C771AE6B06C000FF5BE /* SocketPacket.swift */,
				B9051C781AE6B06C000FF5BE /* SocketParser.swift */,
				B9051C791AE6B06C000FF5BE /* SocketTypes.swift */,
				B9051C7A1AE6B06C000FF5BE /* SwiftRegex.swift */,
				B9051C7B1AE6B06C000FF5BE /* WebSocket.swift */,
			);
			path = SocketIOClientSwift;
			sourceTree = "<group>";
		};
		B9ED836F1AE09C2400B60227 = {
			isa = PBXGroup;
			children = (
				B9ED837A1AE09C2400B60227 /* Chat */,
				B9ED83901AE09C2500B60227 /* ChatTests */,
				B9ED83791AE09C2400B60227 /* Products */,
			);
			sourceTree = "<group>";
		};
		B9ED83791AE09C2400B60227 /* Products */ = {
			isa = PBXGroup;
			children = (
				B9ED83781AE09C2400B60227 /* Chat.app */,
				B9ED838D1AE09C2500B60227 /* ChatTests.xctest */,
			);
			name = Products;
			sourceTree = "<group>";
		};
		B9ED837A1AE09C2400B60227 /* Chat */ = {
			isa = PBXGroup;
			children = (
				B9E30F6A1AE56DF8008FF89D /* LoginVC.swift */,
				B9E30F6E1AE56F77008FF89D /* Main.storyboard */,
				B9E30F681AE4E3DE008FF89D /* SwiftyJSON.swift */,
				B9051C6F1AE6B06C000FF5BE /* SocketIOClientSwift */,
				B9E30F6C1AE56F39008FF89D /* SignupVC.swift */,
				B9E30F701AE56FCC008FF89D /* HomeVC.swift */,
				B9ED837D1AE09C2500B60227 /* AppDelegate.swift */,
				B9ED83841AE09C2500B60227 /* Images.xcassets */,
				B9ED83861AE09C2500B60227 /* LaunchScreen.xib */,
				B9ED837B1AE09C2400B60227 /* Supporting Files */,
				B94DBD781AE48FBD00527C63 /* GlobalVariables.swift */,
				B9E30F661AE4D57C008FF89D /* HomeCustomSegue.swift */,
			);
			path = Chat;
			sourceTree = "<group>";
		};
		B9ED837B1AE09C2400B60227 /* Supporting Files */ = {
			isa = PBXGroup;
			children = (
				B9ED837C1AE09C2400B60227 /* Info.plist */,
			);
			name = "Supporting Files";
			sourceTree = "<group>";
		};
		B9ED83901AE09C2500B60227 /* ChatTests */ = {
			isa = PBXGroup;
			children = (
				B9ED83931AE09C2500B60227 /* ChatTests.swift */,
				B9ED83911AE09C2500B60227 /* Supporting Files */,
			);
			path = ChatTests;
			sourceTree = "<group>";
		};
		B9ED83911AE09C2500B60227 /* Supporting Files */ = {
			isa = PBXGroup;
			children = (
				B9ED83921AE09C2500B60227 /* Info.plist */,
			);
			name = "Supporting Files";
			sourceTree = "<group>";
		};
/* End PBXGroup section */

/* Begin PBXNativeTarget section */
		B9ED83771AE09C2400B60227 /* Chat */ = {
			isa = PBXNativeTarget;
			buildConfigurationList = B9ED83971AE09C2500B60227 /* Build configuration list for PBXNativeTarget "Chat" */;
			buildPhases = (
				B9ED83741AE09C2400B60227 /* Sources */,
				B9ED83751AE09C2400B60227 /* Frameworks */,
				B9ED83761AE09C2400B60227 /* Resources */,
			);
			buildRules = (
			);
			dependencies = (
			);
			name = Chat;
			productName = Chat;
			productReference = B9ED83781AE09C2400B60227 /* Chat.app */;
			productType = "com.apple.product-type.application";
		};
		B9ED838C1AE09C2500B60227 /* ChatTests */ = {
			isa = PBXNativeTarget;
			buildConfigurationList = B9ED839A1AE09C2500B60227 /* Build configuration list for PBXNativeTarget "ChatTests" */;
			buildPhases = (
				B9ED83891AE09C2500B60227 /* Sources */,
				B9ED838A1AE09C2500B60227 /* Frameworks */,
				B9ED838B1AE09C2500B60227 /* Resources */,
			);
			buildRules = (
			);
			dependencies = (
				B9ED838F1AE09C2500B60227 /* PBXTargetDependency */,
			);
			name = ChatTests;
			productName = ChatTests;
			productReference = B9ED838D1AE09C2500B60227 /* ChatTests.xctest */;
			productType = "com.apple.product-type.bundle.unit-test";
		};
/* End PBXNativeTarget section */

/* Begin PBXProject section */
		B9ED83701AE09C2400B60227 /* Project object */ = {
			isa = PBXProject;
			attributes = {
				LastUpgradeCheck = 0630;
				ORGANIZATIONNAME = BEI5000;
				TargetAttributes = {
					B9ED83771AE09C2400B60227 = {
						CreatedOnToolsVersion = 6.3;
					};
					B9ED838C1AE09C2500B60227 = {
						CreatedOnToolsVersion = 6.3;
						TestTargetID = B9ED83771AE09C2400B60227;
					};
				};
			};
			buildConfigurationList = B9ED83731AE09C2400B60227 /* Build configuration list for PBXProject "Chat" */;
			compatibilityVersion = "Xcode 3.2";
			developmentRegion = English;
			hasScannedForEncodings = 0;
			knownRegions = (
				en,
				Base,
			);
			mainGroup = B9ED836F1AE09C2400B60227;
			productRefGroup = B9ED83791AE09C2400B60227 /* Products */;
			projectDirPath = "";
			projectRoot = "";
			targets = (
				B9ED83771AE09C2400B60227 /* Chat */,
				B9ED838C1AE09C2500B60227 /* ChatTests */,
			);
		};
/* End PBXProject section */

/* Begin PBXResourcesBuildPhase section */
		B9ED83761AE09C2400B60227 /* Resources */ = {
			isa = PBXResourcesBuildPhase;
			buildActionMask = 2147483647;
			files = (
				B9E30F6F1AE56F77008FF89D /* Main.storyboard in Resources */,
				B9ED83881AE09C2500B60227 /* LaunchScreen.xib in Resources */,
				B9ED83851AE09C2500B60227 /* Images.xcassets in Resources */,
			);
			runOnlyForDeploymentPostprocessing = 0;
		};
		B9ED838B1AE09C2500B60227 /* Resources */ = {
			isa = PBXResourcesBuildPhase;
			buildActionMask = 2147483647;
			files = (
			);
			runOnlyForDeploymentPostprocessing = 0;
		};
/* End PBXResourcesBuildPhase section */

/* Begin PBXSourcesBuildPhase section */
		B9ED83741AE09C2400B60227 /* Sources */ = {
			isa = PBXSourcesBuildPhase;
			buildActionMask = 2147483647;
			files = (
				B9051C801AE6B06C000FF5BE /* SocketEventHandler.swift in Sources */,
				B9E30F6B1AE56DF8008FF89D /* LoginVC.swift in Sources */,
				B9E30F691AE4E3DE008FF89D /* SwiftyJSON.swift in Sources */,
				B9051C841AE6B06C000FF5BE /* SocketParser.swift in Sources */,
				B9051C7D1AE6B06C000FF5BE /* SocketAnyEvent.swift in Sources */,
				B9051C7F1AE6B06C000FF5BE /* SocketEngineClient.swift in Sources */,
				B9ED837E1AE09C2500B60227 /* AppDelegate.swift in Sources */,
				B9051C851AE6B06C000FF5BE /* SocketTypes.swift in Sources */,
				B9051C7C1AE6B06C000FF5BE /* SocketAckMap.swift in Sources */,
				B9E30F6D1AE56F39008FF89D /* SignupVC.swift in Sources */,
				B9051C811AE6B06C000FF5BE /* SocketFixUTF8.swift in Sources */,
				B9051C861AE6B06C000FF5BE /* SwiftRegex.swift in Sources */,
				B9051C7E1AE6B06C000FF5BE /* SocketEngine.swift in Sources */,
				B9051C871AE6B06C000FF5BE /* WebSocket.swift in Sources */,
				B9051C831AE6B06C000FF5BE /* SocketPacket.swift in Sources */,
				B9E30F671AE4D57C008FF89D /* HomeCustomSegue.swift in Sources */,
				B9051C821AE6B06C000FF5BE /* SocketIOClient.swift in Sources */,
				B9E30F711AE56FCC008FF89D /* HomeVC.swift in Sources */,
				B94DBD791AE48FBD00527C63 /* GlobalVariables.swift in Sources */,
			);
			runOnlyForDeploymentPostprocessing = 0;
		};
		B9ED83891AE09C2500B60227 /* Sources */ = {
			isa = PBXSourcesBuildPhase;
			buildActionMask = 2147483647;
			files = (
				B9ED83941AE09C2500B60227 /* ChatTests.swift in Sources */,
			);
			runOnlyForDeploymentPostprocessing = 0;
		};
/* End PBXSourcesBuildPhase section */

/* Begin PBXTargetDependency section */
		B9ED838F1AE09C2500B60227 /* PBXTargetDependency */ = {
			isa = PBXTargetDependency;
			target = B9ED83771AE09C2400B60227 /* Chat */;
			targetProxy = B9ED838E1AE09C2500B60227 /* PBXContainerItemProxy */;
		};
/* End PBXTargetDependency section */

/* Begin PBXVariantGroup section */
		B9ED83861AE09C2500B60227 /* LaunchScreen.xib */ = {
			isa = PBXVariantGroup;
			children = (
				B9ED83871AE09C2500B60227 /* Base */,
			);
			name = LaunchScreen.xib;
			sourceTree = "<group>";
		};
/* End PBXVariantGroup section */

/* Begin XCBuildConfiguration section */
		B9ED83951AE09C2500B60227 /* Debug */ = {
			isa = XCBuildConfiguration;
			buildSettings = {
				ALWAYS_SEARCH_USER_PATHS = NO;
				CLANG_CXX_LANGUAGE_STANDARD = "gnu++0x";
				CLANG_CXX_LIBRARY = "libc++";
				CLANG_ENABLE_MODULES = YES;
				CLANG_ENABLE_OBJC_ARC = YES;
				CLANG_WARN_BOOL_CONVERSION = YES;
				CLANG_WARN_CONSTANT_CONVERSION = YES;
				CLANG_WARN_DIRECT_OBJC_ISA_USAGE = YES_ERROR;
				CLANG_WARN_EMPTY_BODY = YES;
				CLANG_WARN_ENUM_CONVERSION = YES;
				CLANG_WARN_INT_CONVERSION = YES;
				CLANG_WARN_OBJC_ROOT_CLASS = YES_ERROR;
				CLANG_WARN_UNREACHABLE_CODE = YES;
				CLANG_WARN__DUPLICATE_METHOD_MATCH = YES;
				"CODE_SIGN_IDENTITY[sdk=iphoneos*]" = "iPhone Developer";
				COPY_PHASE_STRIP = NO;
				DEBUG_INFORMATION_FORMAT = "dwarf-with-dsym";
				ENABLE_STRICT_OBJC_MSGSEND = YES;
				GCC_C_LANGUAGE_STANDARD = gnu99;
				GCC_DYNAMIC_NO_PIC = NO;
				GCC_NO_COMMON_BLOCKS = YES;
				GCC_OPTIMIZATION_LEVEL = 0;
				GCC_PREPROCESSOR_DEFINITIONS = (
					"DEBUG=1",
					"$(inherited)",
				);
				GCC_SYMBOLS_PRIVATE_EXTERN = NO;
				GCC_WARN_64_TO_32_BIT_CONVERSION = YES;
				GCC_WARN_ABOUT_RETURN_TYPE = YES_ERROR;
				GCC_WARN_UNDECLARED_SELECTOR = YES;
				GCC_WARN_UNINITIALIZED_AUTOS = YES_AGGRESSIVE;
				GCC_WARN_UNUSED_FUNCTION = YES;
				GCC_WARN_UNUSED_VARIABLE = YES;
				IPHONEOS_DEPLOYMENT_TARGET = 8.3;
				MTL_ENABLE_DEBUG_INFO = YES;
				ONLY_ACTIVE_ARCH = YES;
				SDKROOT = iphoneos;
				SWIFT_INCLUDE_PATHS = "";
				SWIFT_OPTIMIZATION_LEVEL = "-Onone";
				TARGETED_DEVICE_FAMILY = "1,2";
			};
			name = Debug;
		};
		B9ED83961AE09C2500B60227 /* Release */ = {
			isa = XCBuildConfiguration;
			buildSettings = {
				ALWAYS_SEARCH_USER_PATHS = NO;
				CLANG_CXX_LANGUAGE_STANDARD = "gnu++0x";
				CLANG_CXX_LIBRARY = "libc++";
				CLANG_ENABLE_MODULES = YES;
				CLANG_ENABLE_OBJC_ARC = YES;
				CLANG_WARN_BOOL_CONVERSION = YES;
				CLANG_WARN_CONSTANT_CONVERSION = YES;
				CLANG_WARN_DIRECT_OBJC_ISA_USAGE = YES_ERROR;
				CLANG_WARN_EMPTY_BODY = YES;
				CLANG_WARN_ENUM_CONVERSION = YES;
				CLANG_WARN_INT_CONVERSION = YES;
				CLANG_WARN_OBJC_ROOT_CLASS = YES_ERROR;
				CLANG_WARN_UNREACHABLE_CODE = YES;
				CLANG_WARN__DUPLICATE_METHOD_MATCH = YES;
				"CODE_SIGN_IDENTITY[sdk=iphoneos*]" = "iPhone Developer";
				COPY_PHASE_STRIP = NO;
				DEBUG_INFORMATION_FORMAT = "dwarf-with-dsym";
				ENABLE_NS_ASSERTIONS = NO;
				ENABLE_STRICT_OBJC_MSGSEND = YES;
				GCC_C_LANGUAGE_STANDARD = gnu99;
				GCC_NO_COMMON_BLOCKS = YES;
				GCC_WARN_64_TO_32_BIT_CONVERSION = YES;
				GCC_WARN_ABOUT_RETURN_TYPE = YES_ERROR;
				GCC_WARN_UNDECLARED_SELECTOR = YES;
				GCC_WARN_UNINITIALIZED_AUTOS = YES_AGGRESSIVE;
				GCC_WARN_UNUSED_FUNCTION = YES;
				GCC_WARN_UNUSED_VARIABLE = YES;
				IPHONEOS_DEPLOYMENT_TARGET = 8.3;
				MTL_ENABLE_DEBUG_INFO = NO;
				SDKROOT = iphoneos;
				SWIFT_INCLUDE_PATHS = "";
				TARGETED_DEVICE_FAMILY = "1,2";
				VALIDATE_PRODUCT = YES;
			};
			name = Release;
		};
		B9ED83981AE09C2500B60227 /* Debug */ = {
			isa = XCBuildConfiguration;
			buildSettings = {
				ASSETCATALOG_COMPILER_APPICON_NAME = AppIcon;
				INFOPLIST_FILE = Chat/Info.plist;
				LD_RUNPATH_SEARCH_PATHS = "$(inherited) @executable_path/Frameworks";
				PRODUCT_NAME = "$(TARGET_NAME)";
			};
			name = Debug;
		};
		B9ED83991AE09C2500B60227 /* Release */ = {
			isa = XCBuildConfiguration;
			buildSettings = {
				ASSETCATALOG_COMPILER_APPICON_NAME = AppIcon;
				INFOPLIST_FILE = Chat/Info.plist;
				LD_RUNPATH_SEARCH_PATHS = "$(inherited) @executable_path/Frameworks";
				PRODUCT_NAME = "$(TARGET_NAME)";
			};
			name = Release;
		};
		B9ED839B1AE09C2500B60227 /* Debug */ = {
			isa = XCBuildConfiguration;
			buildSettings = {
				BUNDLE_LOADER = "$(TEST_HOST)";
				FRAMEWORK_SEARCH_PATHS = (
					"$(SDKROOT)/Developer/Library/Frameworks",
					"$(inherited)",
				);
				GCC_PREPROCESSOR_DEFINITIONS = (
					"DEBUG=1",
					"$(inherited)",
				);
				INFOPLIST_FILE = ChatTests/Info.plist;
				LD_RUNPATH_SEARCH_PATHS = "$(inherited) @executable_path/Frameworks @loader_path/Frameworks";
				PRODUCT_NAME = "$(TARGET_NAME)";
				TEST_HOST = "$(BUILT_PRODUCTS_DIR)/Chat.app/Chat";
			};
			name = Debug;
		};
		B9ED839C1AE09C2500B60227 /* Release */ = {
			isa = XCBuildConfiguration;
			buildSettings = {
				BUNDLE_LOADER = "$(TEST_HOST)";
				FRAMEWORK_SEARCH_PATHS = (
					"$(SDKROOT)/Developer/Library/Frameworks",
					"$(inherited)",
				);
				INFOPLIST_FILE = ChatTests/Info.plist;
				LD_RUNPATH_SEARCH_PATHS = "$(inherited) @executable_path/Frameworks @loader_path/Frameworks";
				PRODUCT_NAME = "$(TARGET_NAME)";
				TEST_HOST = "$(BUILT_PRODUCTS_DIR)/Chat.app/Chat";
			};
			name = Release;
		};
/* End XCBuildConfiguration section */

/* Begin XCConfigurationList section */
		B9ED83731AE09C2400B60227 /* Build configuration list for PBXProject "Chat" */ = {
			isa = XCConfigurationList;
			buildConfigurations = (
				B9ED83951AE09C2500B60227 /* Debug */,
				B9ED83961AE09C2500B60227 /* Release */,
			);
			defaultConfigurationIsVisible = 0;
			defaultConfigurationName = Release;
		};
		B9ED83971AE09C2500B60227 /* Build configuration list for PBXNativeTarget "Chat" */ = {
			isa = XCConfigurationList;
			buildConfigurations = (
				B9ED83981AE09C2500B60227 /* Debug */,
				B9ED83991AE09C2500B60227 /* Release */,
			);
			defaultConfigurationIsVisible = 0;
			defaultConfigurationName = Release;
		};
		B9ED839A1AE09C2500B60227 /* Build configuration list for PBXNativeTarget "ChatTests" */ = {
			isa = XCConfigurationList;
			buildConfigurations = (
				B9ED839B1AE09C2500B60227 /* Debug */,
				B9ED839C1AE09C2500B60227 /* Release */,
			);
			defaultConfigurationIsVisible = 0;
			defaultConfigurationName = Release;
		};
/* End XCConfigurationList section */
	};
	rootObject = B9ED83701AE09C2400B60227 /* Project object */;
}
